// !$*UTF8*$!
{
	archiveVersion = 1;
	classes = {
	};
	objectVersion = 46;
	objects = {

/* Begin PBXBuildFile section */
		30694B0C1CFE742F00AC1BBB /* main.m in Sources */ = {isa = PBXBuildFile; fileRef = 30694B0B1CFE742F00AC1BBB /* main.m */; };
		30694B0F1CFE742F00AC1BBB /* AppDelegate.m in Sources */ = {isa = PBXBuildFile; fileRef = 30694B0E1CFE742F00AC1BBB /* AppDelegate.m */; };
		30694B121CFE742F00AC1BBB /* ViewController.m in Sources */ = {isa = PBXBuildFile; fileRef = 30694B111CFE742F00AC1BBB /* ViewController.m */; };
		30694B151CFE742F00AC1BBB /* Main.storyboard in Resources */ = {isa = PBXBuildFile; fileRef = 30694B131CFE742F00AC1BBB /* Main.storyboard */; };
		30694B171CFE742F00AC1BBB /* Assets.xcassets in Resources */ = {isa = PBXBuildFile; fileRef = 30694B161CFE742F00AC1BBB /* Assets.xcassets */; };
		30694B1A1CFE742F00AC1BBB /* LaunchScreen.storyboard in Resources */ = {isa = PBXBuildFile; fileRef = 30694B181CFE742F00AC1BBB /* LaunchScreen.storyboard */; };
		30694B271CFE846500AC1BBB /* PublicMethodTool.m in Sources */ = {isa = PBXBuildFile; fileRef = 30694B261CFE846500AC1BBB /* PublicMethodTool.m */; };
/* End PBXBuildFile section */

/* Begin PBXFileReference section */
		30694B071CFE742F00AC1BBB /* PublicMethodTool.app */ = {isa = PBXFileReference; explicitFileType = wrapper.application; includeInIndex = 0; path = PublicMethodTool.app; sourceTree = BUILT_PRODUCTS_DIR; };
		30694B0B1CFE742F00AC1BBB /* main.m */ = {isa = PBXFileReference; lastKnownFileType = sourcecode.c.objc; path = main.m; sourceTree = "<group>"; };
		30694B0D1CFE742F00AC1BBB /* AppDelegate.h */ = {isa = PBXFileReference; lastKnownFileType = sourcecode.c.h; path = AppDelegate.h; sourceTree = "<group>"; };
		30694B0E1CFE742F00AC1BBB /* AppDelegate.m */ = {isa = PBXFileReference; lastKnownFileType = sourcecode.c.objc; path = AppDelegate.m; sourceTree = "<group>"; };
		30694B101CFE742F00AC1BBB /* ViewController.h */ = {isa = PBXFileReference; lastKnownFileType = sourcecode.c.h; path = ViewController.h; sourceTree = "<group>"; };
		30694B111CFE742F00AC1BBB /* ViewController.m */ = {isa = PBXFileReference; lastKnownFileType = sourcecode.c.objc; path = ViewController.m; sourceTree = "<group>"; };
		30694B141CFE742F00AC1BBB /* Base */ = {isa = PBXFileReference; lastKnownFileType = file.storyboard; name = Base; path = Base.lproj/Main.storyboard; sourceTree = "<group>"; };
		30694B161CFE742F00AC1BBB /* Assets.xcassets */ = {isa = PBXFileReference; lastKnownFileType = folder.assetcatalog; path = Assets.xcassets; sourceTree = "<group>"; };
		30694B191CFE742F00AC1BBB /* Base */ = {isa = PBXFileReference; lastKnownFileType = file.storyboard; name = Base; path = Base.lproj/LaunchScreen.storyboard; sourceTree = "<group>"; };
		30694B1B1CFE742F00AC1BBB /* Info.plist */ = {isa = PBXFileReference; lastKnownFileType = text.plist.xml; path = Info.plist; sourceTree = "<group>"; };
		30694B251CFE846500AC1BBB /* PublicMethodTool.h */ = {isa = PBXFileReference; fileEncoding = 4; lastKnownFileType = sourcecode.c.h; path = PublicMethodTool.h; sourceTree = "<group>"; };
		30694B261CFE846500AC1BBB /* PublicMethodTool.m */ = {isa = PBXFileReference; fileEncoding = 4; lastKnownFileType = sourcecode.c.objc; path = PublicMethodTool.m; sourceTree = "<group>"; };
/* End PBXFileReference section */

/* Begin PBXFrameworksBuildPhase section */
		30694B041CFE742F00AC1BBB /* Frameworks */ = {
			isa = PBXFrameworksBuildPhase;
			buildActionMask = 2147483647;
			files = (
			);
			runOnlyForDeploymentPostprocessing = 0;
		};
/* End PBXFrameworksBuildPhase section */

/* Begin PBXGroup section */
		30694AFE1CFE742F00AC1BBB = {
			isa = PBXGroup;
			children = (
				30694B091CFE742F00AC1BBB /* PublicMethodTool */,
				30694B081CFE742F00AC1BBB /* Products */,
			);
			sourceTree = "<group>";
		};
		30694B081CFE742F00AC1BBB /* Products */ = {
			isa = PBXGroup;
			children = (
				30694B071CFE742F00AC1BBB /* PublicMethodTool.app */,
			);
			name = Products;
			sourceTree = "<group>";
		};
		30694B091CFE742F00AC1BBB /* PublicMethodTool */ = {
			isa = PBXGroup;
			children = (
				30694B241CFE846500AC1BBB /* PublicMethodTool */,
				30694B0D1CFE742F00AC1BBB /* AppDelegate.h */,
				30694B0E1CFE742F00AC1BBB /* AppDelegate.m */,
				30694B101CFE742F00AC1BBB /* ViewController.h */,
				30694B111CFE742F00AC1BBB /* ViewController.m */,
				30694B131CFE742F00AC1BBB /* Main.storyboard */,
				30694B161CFE742F00AC1BBB /* Assets.xcassets */,
				30694B181CFE742F00AC1BBB /* LaunchScreen.storyboard */,
				30694B1B1CFE742F00AC1BBB /* Info.plist */,
				30694B0A1CFE742F00AC1BBB /* Supporting Files */,
			);
			path = PublicMethodTool;
			sourceTree = "<group>";
		};
		30694B0A1CFE742F00AC1BBB /* Supporting Files */ = {
			isa = PBXGroup;
			children = (
				30694B0B1CFE742F00AC1BBB /* main.m */,
			);
			name = "Supporting Files";
			sourceTree = "<group>";
		};
		30694B241CFE846500AC1BBB /* PublicMethodTool */ = {
			isa = PBXGroup;
			children = (
				30694B251CFE846500AC1BBB /* PublicMethodTool.h */,
				30694B261CFE846500AC1BBB /* PublicMethodTool.m */,
			);
			path = PublicMethodTool;
			sourceTree = "<group>";
		};
/* End PBXGroup section */

/* Begin PBXNativeTarget section */
		30694B061CFE742F00AC1BBB /* PublicMethodTool */ = {
			isa = PBXNativeTarget;
			buildConfigurationList = 30694B1E1CFE742F00AC1BBB /* Build configuration list for PBXNativeTarget "PublicMethodTool" */;
			buildPhases = (
				30694B031CFE742F00AC1BBB /* Sources */,
				30694B041CFE742F00AC1BBB /* Frameworks */,
				30694B051CFE742F00AC1BBB /* Resources */,
			);
			buildRules = (
			);
			dependencies = (
			);
			name = PublicMethodTool;
			productName = PublicMethodTool;
			productReference = 30694B071CFE742F00AC1BBB /* PublicMethodTool.app */;
			productType = "com.apple.product-type.application";
		};
/* End PBXNativeTarget section */

/* Begin PBXProject section */
		30694AFF1CFE742F00AC1BBB /* Project object */ = {
			isa = PBXProject;
			attributes = {
				LastUpgradeCheck = 0730;
				ORGANIZATIONNAME = "https://github.com/CoderHJZhao";
				TargetAttributes = {
					30694B061CFE742F00AC1BBB = {
						CreatedOnToolsVersion = 7.3;
					};
				};
			};
			buildConfigurationList = 30694B021CFE742F00AC1BBB /* Build configuration list for PBXProject "PublicMethodTool" */;
			compatibilityVersion = "Xcode 3.2";
			developmentRegion = English;
			hasScannedForEncodings = 0;
			knownRegions = (
				en,
				Base,
			);
			mainGroup = 30694AFE1CFE742F00AC1BBB;
			productRefGroup = 30694B081CFE742F00AC1BBB /* Products */;
			projectDirPath = "";
			projectRoot = "";
			targets = (
				30694B061CFE742F00AC1BBB /* PublicMethodTool */,
			);
		};
/* End PBXProject section */

/* Begin PBXResourcesBuildPhase section */
		30694B051CFE742F00AC1BBB /* Resources */ = {
			isa = PBXResourcesBuildPhase;
			buildActionMask = 2147483647;
			files = (
				30694B1A1CFE742F00AC1BBB /* LaunchScreen.storyboard in Resources */,
				30694B171CFE742F00AC1BBB /* Assets.xcassets in Resources */,
				30694B151CFE742F00AC1BBB /* Main.storyboard in Resources */,
			);
			runOnlyForDeploymentPostprocessing = 0;
		};
/* End PBXResourcesBuildPhase section */

/* Begin PBXSourcesBuildPhase section */
		30694B031CFE742F00AC1BBB /* Sources */ = {
			isa = PBXSourcesBuildPhase;
			buildActionMask = 2147483647;
			files = (
				30694B121CFE742F00AC1BBB /* ViewController.m in Sources */,
				30694B0F1CFE742F00AC1BBB /* AppDelegate.m in Sources */,
				30694B0C1CFE742F00AC1BBB /* main.m in Sources */,
				30694B271CFE846500AC1BBB /* PublicMethodTool.m in Sources */,
			);
			runOnlyForDeploymentPostprocessing = 0;
		};
/* End PBXSourcesBuildPhase section */

/* Begin PBXVariantGroup section */
		30694B131CFE742F00AC1BBB /* Main.storyboard */ = {
			isa = PBXVariantGroup;
			children = (
				30694B141CFE742F00AC1BBB /* Base */,
			);
			name = Main.storyboard;
			sourceTree = "<group>";
		};
		30694B181CFE742F00AC1BBB /* LaunchScreen.storyboard */ = {
			isa = PBXVariantGroup;
			children = (
				30694B191CFE742F00AC1BBB /* Base */,
			);
			name = LaunchScreen.storyboard;
			sourceTree = "<group>";
		};
/* End PBXVariantGroup section */

/* Begin XCBuildConfiguration section */
		30694B1C1CFE742F00AC1BBB /* Debug */ = {
			isa = XCBuildConfiguration;
			buildSettings = {
				ALWAYS_SEARCH_USER_PATHS = NO;
				CLANG_ANALYZER_NONNULL = YES;
				CLANG_CXX_LANGUAGE_STANDARD = "gnu++0x";
				CLANG_CXX_LIBRARY = "libc++";
				CLANG_ENABLE_MODULES = YES;
				CLANG_ENABLE_OBJC_ARC = YES;
				CLANG_WARN_BOOL_CONVERSION = YES;
				CLANG_WARN_CONSTANT_CONVERSION = YES;
				CLANG_WARN_DIRECT_OBJC_ISA_USAGE = YES_ERROR;
				CLANG_WARN_EMPTY_BODY = YES;
				CLANG_WARN_ENUM_CONVERSION = YES;
				CLANG_WARN_INT_CONVERSION = YES;
				CLANG_WARN_OBJC_ROOT_CLASS = YES_ERROR;
				CLANG_WARN_UNREACHABLE_CODE = YES;
				CLANG_WARN__DUPLICATE_METHOD_MATCH = YES;
				"CODE_SIGN_IDENTITY[sdk=iphoneos*]" = "iPhone Developer";
				COPY_PHASE_STRIP = NO;
				DEBUG_INFORMATION_FORMAT = dwarf;
				ENABLE_STRICT_OBJC_MSGSEND = YES;
				ENABLE_TESTABILITY = YES;
				GCC_C_LANGUAGE_STANDARD = gnu99;
				GCC_DYNAMIC_NO_PIC = NO;
				GCC_NO_COMMON_BLOCKS = YES;
				GCC_OPTIMIZATION_LEVEL = 0;
				GCC_PREPROCESSOR_DEFINITIONS = (
					"DEBUG=1",
					"$(inherited)",
				);
				GCC_WARN_64_TO_32_BIT_CONVERSION = YES;
				GCC_WARN_ABOUT_RETURN_TYPE = YES_ERROR;
				GCC_WARN_UNDECLARED_SELECTOR = YES;
				GCC_WARN_UNINITIALIZED_AUTOS = YES_AGGRESSIVE;
				GCC_WARN_UNUSED_FUNCTION = YES;
				GCC_WARN_UNUSED_VARIABLE = YES;
				IPHONEOS_DEPLOYMENT_TARGET = 9.3;
				MTL_ENABLE_DEBUG_INFO = YES;
				ONLY_ACTIVE_ARCH = YES;
				SDKROOT = iphoneos;
			};
			name = Debug;
		};
		30694B1D1CFE742F00AC1BBB /* Release */ = {
			isa = XCBuildConfiguration;
			buildSettings = {
				ALWAYS_SEARCH_USER_PATHS = NO;
				CLANG_ANALYZER_NONNULL = YES;
				CLANG_CXX_LANGUAGE_STANDARD = "gnu++0x";
				CLANG_CXX_LIBRARY = "libc++";
				CLANG_ENABLE_MODULES = YES;
				CLANG_ENABLE_OBJC_ARC = YES;
				CLANG_WARN_BOOL_CONVERSION = YES;
				CLANG_WARN_CONSTANT_CONVERSION = YES;
				CLANG_WARN_DIRECT_OBJC_ISA_USAGE = YES_ERROR;
				CLANG_WARN_EMPTY_BODY = YES;
				CLANG_WARN_ENUM_CONVERSION = YES;
				CLANG_WARN_INT_CONVERSION = YES;
				CLANG_WARN_OBJC_ROOT_CLASS = YES_ERROR;
				CLANG_WARN_UNREACHABLE_CODE = YES;
				CLANG_WARN__DUPLICATE_METHOD_MATCH = YES;
				"CODE_SIGN_IDENTITY[sdk=iphoneos*]" = "iPhone Developer";
				COPY_PHASE_STRIP = NO;
				DEBUG_INFORMATION_FORMAT = "dwarf-with-dsym";
				ENABLE_NS_ASSERTIONS = NO;
				ENABLE_STRICT_OBJC_MSGSEND = YES;
				GCC_C_LANGUAGE_STANDARD = gnu99;
				GCC_NO_COMMON_BLOCKS = YES;
				GCC_WARN_64_TO_32_BIT_CONVERSION = YES;
				GCC_WARN_ABOUT_RETURN_TYPE = YES_ERROR;
				GCC_WARN_UNDECLARED_SELECTOR = YES;
				GCC_WARN_UNINITIALIZED_AUTOS = YES_AGGRESSIVE;
				GCC_WARN_UNUSED_FUNCTION = YES;
				GCC_WARN_UNUSED_VARIABLE = YES;
				IPHONEOS_DEPLOYMENT_TARGET = 9.3;
				MTL_ENABLE_DEBUG_INFO = NO;
				SDKROOT = iphoneos;
				VALIDATE_PRODUCT = YES;
			};
			name = Release;
		};
		30694B1F1CFE742F00AC1BBB /* Debug */ = {
			isa = XCBuildConfiguration;
			buildSettings = {
				ASSETCATALOG_COMPILER_APPICON_NAME = AppIcon;
				INFOPLIST_FILE = PublicMethodTool/Info.plist;
				LD_RUNPATH_SEARCH_PATHS = "$(inherited) @executable_path/Frameworks";
				PRODUCT_BUNDLE_IDENTIFIER = CoderHJ.PublicMethodTool;
				PRODUCT_NAME = "$(TARGET_NAME)";
			};
			name = Debug;
		};
		30694B201CFE742F00AC1BBB /* Release */ = {
			isa = XCBuildConfiguration;
			buildSettings = {
				ASSETCATALOG_COMPILER_APPICON_NAME = AppIcon;
				INFOPLIST_FILE = PublicMethodTool/Info.plist;
				LD_RUNPATH_SEARCH_PATHS = "$(inherited) @executable_path/Frameworks";
				PRODUCT_BUNDLE_IDENTIFIER = CoderHJ.PublicMethodTool;
				PRODUCT_NAME = "$(TARGET_NAME)";
			};
			name = Release;
		};
/* End XCBuildConfiguration section */

/* Begin XCConfigurationList section */
		30694B021CFE742F00AC1BBB /* Build configuration list for PBXProject "PublicMethodTool" */ = {
			isa = XCConfigurationList;
			buildConfigurations = (
				30694B1C1CFE742F00AC1BBB /* Debug */,
				30694B1D1CFE742F00AC1BBB /* Release */,
			);
			defaultConfigurationIsVisible = 0;
			defaultConfigurationName = Release;
		};
		30694B1E1CFE742F00AC1BBB /* Build configuration list for PBXNativeTarget "PublicMethodTool" */ = {
			isa = XCConfigurationList;
			buildConfigurations = (
				30694B1F1CFE742F00AC1BBB /* Debug */,
				30694B201CFE742F00AC1BBB /* Release */,
			);
			defaultConfigurationIsVisible = 0;
		};
/* End XCConfigurationList section */
	};
	rootObject = 30694AFF1CFE742F00AC1BBB /* Project object */;
}
